# This file is automatically @generated by Cargo.
# It is not intended for manual editing.
version = 4

[[package]]
name = "step01_minimal_market"
version = "0.1.0"

[[package]]
name = "step02_orderbook_balance_cancel"
version = "0.1.0"

[[package]]
name = "step03_multi_market"
version = "0.1.0"

[[package]]
name = "step04_fee_history"
version = "0.1.0"

[[package]]
name = "step05_consume_events"
version = "0.1.0"

[[package]]
name = "step06_multi_order_type"
version = "0.1.0"
